
Microsoft Visual Studio Solution File, Format Version 12.00
# Visual Studio 15
VisualStudioVersion = 15.0.27004.2005
MinimumVisualStudioVersion = 10.0.40219.1
Project("{FAE04EC0-301F-11D3-BF4B-00C04F79EFBC}") = "EPrint.Android", "EPrint\EPrint.Android\EPrint.Android.csproj", "{F3BFBAF3-4DD4-45E4-AAE3-91E15A61B201}"
EndProject
Project("{FAE04EC0-301F-11D3-BF4B-00C04F79EFBC}") = "EPrint", "EPrint\EPrint\EPrint.csproj", "{7DCC80B4-A2C4-4AFC-87F2-1169846A46E8}"
EndProject
Project("{FAE04EC0-301F-11D3-BF4B-00C04F79EFBC}") = "EPrint.UWP", "EPrint\EPrint.UWP\EPrint.UWP.csproj", "{6B44B94E-0920-454A-8DA4-1AA51649231C}"
EndProject
Project("{FAE04EC0-301F-11D3-BF4B-00C04F79EFBC}") = "EPrint.iOS", "EPrint\EPrint.iOS\EPrint.iOS.csproj", "{891641E7-6DB6-498F-BA7F-6EED55201DF6}"
EndProject
Global
	GlobalSection(SolutionConfigurationPlatforms) = preSolution
		Ad-Hoc|Any CPU = Ad-Hoc|Any CPU
		Ad-Hoc|ARM = Ad-Hoc|ARM
		Ad-Hoc|iPhone = Ad-Hoc|iPhone
		Ad-Hoc|iPhoneSimulator = Ad-Hoc|iPhoneSimulator
		Ad-Hoc|x64 = Ad-Hoc|x64
		Ad-Hoc|x86 = Ad-Hoc|x86
		AppStore|Any CPU = AppStore|Any CPU
		AppStore|ARM = AppStore|ARM
		AppStore|iPhone = AppStore|iPhone
		AppStore|iPhoneSimulator = AppStore|iPhoneSimulator
		AppStore|x64 = AppStore|x64
		AppStore|x86 = AppStore|x86
		Debug|Any CPU = Debug|Any CPU
		Debug|ARM = Debug|ARM
		Debug|iPhone = Debug|iPhone
		Debug|iPhoneSimulator = Debug|iPhoneSimulator
		Debug|x64 = Debug|x64
		Debug|x86 = Debug|x86
		Release|Any CPU = Release|Any CPU
		Release|ARM = Release|ARM
		Release|iPhone = Release|iPhone
		Release|iPhoneSimulator = Release|iPhoneSimulator
		Release|x64 = Release|x64
		Release|x86 = Release|x86
	EndGlobalSection
	GlobalSection(ProjectConfigurationPlatforms) = postSolution
		{F3BFBAF3-4DD4-45E4-AAE3-91E15A61B201}.Ad-Hoc|Any CPU.ActiveCfg = Release|Any CPU
		{F3BFBAF3-4DD4-45E4-AAE3-91E15A61B201}.Ad-Hoc|Any CPU.Build.0 = Release|Any CPU
		{F3BFBAF3-4DD4-45E4-AAE3-91E15A61B201}.Ad-Hoc|Any CPU.Deploy.0 = Release|Any CPU
		{F3BFBAF3-4DD4-45E4-AAE3-91E15A61B201}.Ad-Hoc|ARM.ActiveCfg = Release|Any CPU
		{F3BFBAF3-4DD4-45E4-AAE3-91E15A61B201}.Ad-Hoc|ARM.Build.0 = Release|Any CPU
		{F3BFBAF3-4DD4-45E4-AAE3-91E15A61B201}.Ad-Hoc|ARM.Deploy.0 = Release|Any CPU
		{F3BFBAF3-4DD4-45E4-AAE3-91E15A61B201}.Ad-Hoc|iPhone.ActiveCfg = Release|Any CPU
		{F3BFBAF3-4DD4-45E4-AAE3-91E15A61B201}.Ad-Hoc|iPhone.Build.0 = Release|Any CPU
		{F3BFBAF3-4DD4-45E4-AAE3-91E15A61B201}.Ad-Hoc|iPhone.Deploy.0 = Release|Any CPU
		{F3BFBAF3-4DD4-45E4-AAE3-91E15A61B201}.Ad-Hoc|iPhoneSimulator.ActiveCfg = Release|Any CPU
		{F3BFBAF3-4DD4-45E4-AAE3-91E15A61B201}.Ad-Hoc|iPhoneSimulator.Build.0 = Release|Any CPU
		{F3BFBAF3-4DD4-45E4-AAE3-91E15A61B201}.Ad-Hoc|iPhoneSimulator.Deploy.0 = Release|Any CPU
		{F3BFBAF3-4DD4-45E4-AAE3-91E15A61B201}.Ad-Hoc|x64.ActiveCfg = Release|Any CPU
		{F3BFBAF3-4DD4-45E4-AAE3-91E15A61B201}.Ad-Hoc|x64.Build.0 = Release|Any CPU
		{F3BFBAF3-4DD4-45E4-AAE3-91E15A61B201}.Ad-Hoc|x64.Deploy.0 = Release|Any CPU
		{F3BFBAF3-4DD4-45E4-AAE3-91E15A61B201}.Ad-Hoc|x86.ActiveCfg = Release|Any CPU
		{F3BFBAF3-4DD4-45E4-AAE3-91E15A61B201}.Ad-Hoc|x86.Build.0 = Release|Any CPU
		{F3BFBAF3-4DD4-45E4-AAE3-91E15A61B201}.Ad-Hoc|x86.Deploy.0 = Release|Any CPU
		{F3BFBAF3-4DD4-45E4-AAE3-91E15A61B201}.AppStore|Any CPU.ActiveCfg = Release|Any CPU
		{F3BFBAF3-4DD4-45E4-AAE3-91E15A61B201}.AppStore|Any CPU.Build.0 = Release|Any CPU
		{F3BFBAF3-4DD4-45E4-AAE3-91E15A61B201}.AppStore|Any CPU.Deploy.0 = Release|Any CPU
		{F3BFBAF3-4DD4-45E4-AAE3-91E15A61B201}.AppStore|ARM.ActiveCfg = Release|Any CPU
		{F3BFBAF3-4DD4-45E4-AAE3-91E15A61B201}.AppStore|ARM.Build.0 = Release|Any CPU
		{F3BFBAF3-4DD4-45E4-AAE3-91E15A61B201}.AppStore|ARM.Deploy.0 = Release|Any CPU
		{F3BFBAF3-4DD4-45E4-AAE3-91E15A61B201}.AppStore|iPhone.ActiveCfg = Release|Any CPU
		{F3BFBAF3-4DD4-45E4-AAE3-91E15A61B201}.AppStore|iPhone.Build.0 = Release|Any CPU
		{F3BFBAF3-4DD4-45E4-AAE3-91E15A61B201}.AppStore|iPhone.Deploy.0 = Release|Any CPU
		{F3BFBAF3-4DD4-45E4-AAE3-91E15A61B201}.AppStore|iPhoneSimulator.ActiveCfg = Release|Any CPU
		{F3BFBAF3-4DD4-45E4-AAE3-91E15A61B201}.AppStore|iPhoneSimulator.Build.0 = Release|Any CPU
		{F3BFBAF3-4DD4-45E4-AAE3-91E15A61B201}.AppStore|iPhoneSimulator.Deploy.0 = Release|Any CPU
		{F3BFBAF3-4DD4-45E4-AAE3-91E15A61B201}.AppStore|x64.ActiveCfg = Release|Any CPU
		{F3BFBAF3-4DD4-45E4-AAE3-91E15A61B201}.AppStore|x64.Build.0 = Release|Any CPU
		{F3BFBAF3-4DD4-45E4-AAE3-91E15A61B201}.AppStore|x64.Deploy.0 = Release|Any CPU
		{F3BFBAF3-4DD4-45E4-AAE3-91E15A61B201}.AppStore|x86.ActiveCfg = Release|Any CPU
		{F3BFBAF3-4DD4-45E4-AAE3-91E15A61B201}.AppStore|x86.Build.0 = Release|Any CPU
		{F3BFBAF3-4DD4-45E4-AAE3-91E15A61B201}.AppStore|x86.Deploy.0 = Release|Any CPU
		{F3BFBAF3-4DD4-45E4-AAE3-91E15A61B201}.Debug|Any CPU.ActiveCfg = Debug|Any CPU
		{F3BFBAF3-4DD4-45E4-AAE3-91E15A61B201}.Debug|Any CPU.Build.0 = Debug|Any CPU
		{F3BFBAF3-4DD4-45E4-AAE3-91E15A61B201}.Debug|Any CPU.Deploy.0 = Debug|Any CPU
		{F3BFBAF3-4DD4-45E4-AAE3-91E15A61B201}.Debug|ARM.ActiveCfg = Debug|Any CPU
		{F3BFBAF3-4DD4-45E4-AAE3-91E15A61B201}.Debug|ARM.Build.0 = Debug|Any CPU
		{F3BFBAF3-4DD4-45E4-AAE3-91E15A61B201}.Debug|ARM.Deploy.0 = Debug|Any CPU
		{F3BFBAF3-4DD4-45E4-AAE3-91E15A61B201}.Debug|iPhone.ActiveCfg = Debug|Any CPU
		{F3BFBAF3-4DD4-45E4-AAE3-91E15A61B201}.Debug|iPhone.Build.0 = Debug|Any CPU
		{F3BFBAF3-4DD4-45E4-AAE3-91E15A61B201}.Debug|iPhone.Deploy.0 = Debug|Any CPU
		{F3BFBAF3-4DD4-45E4-AAE3-91E15A61B201}.Debug|iPhoneSimulator.ActiveCfg = Debug|Any CPU
		{F3BFBAF3-4DD4-45E4-AAE3-91E15A61B201}.Debug|iPhoneSimulator.Build.0 = Debug|Any CPU
		{F3BFBAF3-4DD4-45E4-AAE3-91E15A61B201}.Debug|iPhoneSimulator.Deploy.0 = Debug|Any CPU
		{F3BFBAF3-4DD4-45E4-AAE3-91E15A61B201}.Debug|x64.ActiveCfg = Debug|Any CPU
		{F3BFBAF3-4DD4-45E4-AAE3-91E15A61B201}.Debug|x64.Build.0 = Debug|Any CPU
		{F3BFBAF3-4DD4-45E4-AAE3-91E15A61B201}.Debug|x64.Deploy.0 = Debug|Any CPU
		{F3BFBAF3-4DD4-45E4-AAE3-91E15A61B201}.Debug|x86.ActiveCfg = Debug|Any CPU
		{F3BFBAF3-4DD4-45E4-AAE3-91E15A61B201}.Debug|x86.Build.0 = Debug|Any CPU
		{F3BFBAF3-4DD4-45E4-AAE3-91E15A61B201}.Debug|x86.Deploy.0 = Debug|Any CPU
		{F3BFBAF3-4DD4-45E4-AAE3-91E15A61B201}.Release|Any CPU.ActiveCfg = Release|Any CPU
		{F3BFBAF3-4DD4-45E4-AAE3-91E15A61B201}.Release|Any CPU.Build.0 = Release|Any CPU
		{F3BFBAF3-4DD4-45E4-AAE3-91E15A61B201}.Release|Any CPU.Deploy.0 = Release|Any CPU
		{F3BFBAF3-4DD4-45E4-AAE3-91E15A61B201}.Release|ARM.ActiveCfg = Release|Any CPU
		{F3BFBAF3-4DD4-45E4-AAE3-91E15A61B201}.Release|ARM.Build.0 = Release|Any CPU
		{F3BFBAF3-4DD4-45E4-AAE3-91E15A61B201}.Release|ARM.Deploy.0 = Release|Any CPU
		{F3BFBAF3-4DD4-45E4-AAE3-91E15A61B201}.Release|iPhone.ActiveCfg = Release|Any CPU
		{F3BFBAF3-4DD4-45E4-AAE3-91E15A61B201}.Release|iPhone.Build.0 = Release|Any CPU
		{F3BFBAF3-4DD4-45E4-AAE3-91E15A61B201}.Release|iPhone.Deploy.0 = Release|Any CPU
		{F3BFBAF3-4DD4-45E4-AAE3-91E15A61B201}.Release|iPhoneSimulator.ActiveCfg = Release|Any CPU
		{F3BFBAF3-4DD4-45E4-AAE3-91E15A61B201}.Release|iPhoneSimulator.Build.0 = Release|Any CPU
		{F3BFBAF3-4DD4-45E4-AAE3-91E15A61B201}.Release|iPhoneSimulator.Deploy.0 = Release|Any CPU
		{F3BFBAF3-4DD4-45E4-AAE3-91E15A61B201}.Release|x64.ActiveCfg = Release|Any CPU
		{F3BFBAF3-4DD4-45E4-AAE3-91E15A61B201}.Release|x64.Build.0 = Release|Any CPU
		{F3BFBAF3-4DD4-45E4-AAE3-91E15A61B201}.Release|x64.Deploy.0 = Release|Any CPU
		{F3BFBAF3-4DD4-45E4-AAE3-91E15A61B201}.Release|x86.ActiveCfg = Release|Any CPU
		{F3BFBAF3-4DD4-45E4-AAE3-91E15A61B201}.Release|x86.Build.0 = Release|Any CPU
		{F3BFBAF3-4DD4-45E4-AAE3-91E15A61B201}.Release|x86.Deploy.0 = Release|Any CPU
		{7DCC80B4-A2C4-4AFC-87F2-1169846A46E8}.Ad-Hoc|Any CPU.ActiveCfg = Release|Any CPU
		{7DCC80B4-A2C4-4AFC-87F2-1169846A46E8}.Ad-Hoc|Any CPU.Build.0 = Release|Any CPU
		{7DCC80B4-A2C4-4AFC-87F2-1169846A46E8}.Ad-Hoc|ARM.ActiveCfg = Release|Any CPU
		{7DCC80B4-A2C4-4AFC-87F2-1169846A46E8}.Ad-Hoc|ARM.Build.0 = Release|Any CPU
		{7DCC80B4-A2C4-4AFC-87F2-1169846A46E8}.Ad-Hoc|iPhone.ActiveCfg = Release|Any CPU
		{7DCC80B4-A2C4-4AFC-87F2-1169846A46E8}.Ad-Hoc|iPhone.Build.0 = Release|Any CPU
		{7DCC80B4-A2C4-4AFC-87F2-1169846A46E8}.Ad-Hoc|iPhoneSimulator.ActiveCfg = Release|Any CPU
		{7DCC80B4-A2C4-4AFC-87F2-1169846A46E8}.Ad-Hoc|iPhoneSimulator.Build.0 = Release|Any CPU
		{7DCC80B4-A2C4-4AFC-87F2-1169846A46E8}.Ad-Hoc|x64.ActiveCfg = Release|Any CPU
		{7DCC80B4-A2C4-4AFC-87F2-1169846A46E8}.Ad-Hoc|x64.Build.0 = Release|Any CPU
		{7DCC80B4-A2C4-4AFC-87F2-1169846A46E8}.Ad-Hoc|x86.ActiveCfg = Release|Any CPU
		{7DCC80B4-A2C4-4AFC-87F2-1169846A46E8}.Ad-Hoc|x86.Build.0 = Release|Any CPU
		{7DCC80B4-A2C4-4AFC-87F2-1169846A46E8}.AppStore|Any CPU.ActiveCfg = Release|Any CPU
		{7DCC80B4-A2C4-4AFC-87F2-1169846A46E8}.AppStore|Any CPU.Build.0 = Release|Any CPU
		{7DCC80B4-A2C4-4AFC-87F2-1169846A46E8}.AppStore|ARM.ActiveCfg = Release|Any CPU
		{7DCC80B4-A2C4-4AFC-87F2-1169846A46E8}.AppStore|ARM.Build.0 = Release|Any CPU
		{7DCC80B4-A2C4-4AFC-87F2-1169846A46E8}.AppStore|iPhone.ActiveCfg = Release|Any CPU
		{7DCC80B4-A2C4-4AFC-87F2-1169846A46E8}.AppStore|iPhone.Build.0 = Release|Any CPU
		{7DCC80B4-A2C4-4AFC-87F2-1169846A46E8}.AppStore|iPhoneSimulator.ActiveCfg = Release|Any CPU
		{7DCC80B4-A2C4-4AFC-87F2-1169846A46E8}.AppStore|iPhoneSimulator.Build.0 = Release|Any CPU
		{7DCC80B4-A2C4-4AFC-87F2-1169846A46E8}.AppStore|x64.ActiveCfg = Release|Any CPU
		{7DCC80B4-A2C4-4AFC-87F2-1169846A46E8}.AppStore|x64.Build.0 = Release|Any CPU
		{7DCC80B4-A2C4-4AFC-87F2-1169846A46E8}.AppStore|x86.ActiveCfg = Release|Any CPU
		{7DCC80B4-A2C4-4AFC-87F2-1169846A46E8}.AppStore|x86.Build.0 = Release|Any CPU
		{7DCC80B4-A2C4-4AFC-87F2-1169846A46E8}.Debug|Any CPU.ActiveCfg = Debug|Any CPU
		{7DCC80B4-A2C4-4AFC-87F2-1169846A46E8}.Debug|Any CPU.Build.0 = Debug|Any CPU
		{7DCC80B4-A2C4-4AFC-87F2-1169846A46E8}.Debug|ARM.ActiveCfg = Debug|Any CPU
		{7DCC80B4-A2C4-4AFC-87F2-1169846A46E8}.Debug|ARM.Build.0 = Debug|Any CPU
		{7DCC80B4-A2C4-4AFC-87F2-1169846A46E8}.Debug|iPhone.ActiveCfg = Debug|Any CPU
		{7DCC80B4-A2C4-4AFC-87F2-1169846A46E8}.Debug|iPhone.Build.0 = Debug|Any CPU
		{7DCC80B4-A2C4-4AFC-87F2-1169846A46E8}.Debug|iPhoneSimulator.ActiveCfg = Debug|Any CPU
		{7DCC80B4-A2C4-4AFC-87F2-1169846A46E8}.Debug|iPhoneSimulator.Build.0 = Debug|Any CPU
		{7DCC80B4-A2C4-4AFC-87F2-1169846A46E8}.Debug|x64.ActiveCfg = Debug|Any CPU
		{7DCC80B4-A2C4-4AFC-87F2-1169846A46E8}.Debug|x64.Build.0 = Debug|Any CPU
		{7DCC80B4-A2C4-4AFC-87F2-1169846A46E8}.Debug|x86.ActiveCfg = Debug|Any CPU
		{7DCC80B4-A2C4-4AFC-87F2-1169846A46E8}.Debug|x86.Build.0 = Debug|Any CPU
		{7DCC80B4-A2C4-4AFC-87F2-1169846A46E8}.Release|Any CPU.ActiveCfg = Release|Any CPU
		{7DCC80B4-A2C4-4AFC-87F2-1169846A46E8}.Release|Any CPU.Build.0 = Release|Any CPU
		{7DCC80B4-A2C4-4AFC-87F2-1169846A46E8}.Release|ARM.ActiveCfg = Release|Any CPU
		{7DCC80B4-A2C4-4AFC-87F2-1169846A46E8}.Release|ARM.Build.0 = Release|Any CPU
		{7DCC80B4-A2C4-4AFC-87F2-1169846A46E8}.Release|iPhone.ActiveCfg = Release|Any CPU
		{7DCC80B4-A2C4-4AFC-87F2-1169846A46E8}.Release|iPhone.Build.0 = Release|Any CPU
		{7DCC80B4-A2C4-4AFC-87F2-1169846A46E8}.Release|iPhoneSimulator.ActiveCfg = Release|Any CPU
		{7DCC80B4-A2C4-4AFC-87F2-1169846A46E8}.Release|iPhoneSimulator.Build.0 = Release|Any CPU
		{7DCC80B4-A2C4-4AFC-87F2-1169846A46E8}.Release|x64.ActiveCfg = Release|Any CPU
		{7DCC80B4-A2C4-4AFC-87F2-1169846A46E8}.Release|x64.Build.0 = Release|Any CPU
		{7DCC80B4-A2C4-4AFC-87F2-1169846A46E8}.Release|x86.ActiveCfg = Release|Any CPU
		{7DCC80B4-A2C4-4AFC-87F2-1169846A46E8}.Release|x86.Build.0 = Release|Any CPU
		{6B44B94E-0920-454A-8DA4-1AA51649231C}.Ad-Hoc|Any CPU.ActiveCfg = Release|x86
		{6B44B94E-0920-454A-8DA4-1AA51649231C}.Ad-Hoc|Any CPU.Build.0 = Release|x86
		{6B44B94E-0920-454A-8DA4-1AA51649231C}.Ad-Hoc|Any CPU.Deploy.0 = Release|x86
		{6B44B94E-0920-454A-8DA4-1AA51649231C}.Ad-Hoc|ARM.ActiveCfg = Release|ARM
		{6B44B94E-0920-454A-8DA4-1AA51649231C}.Ad-Hoc|ARM.Build.0 = Release|ARM
		{6B44B94E-0920-454A-8DA4-1AA51649231C}.Ad-Hoc|ARM.Deploy.0 = Release|ARM
		{6B44B94E-0920-454A-8DA4-1AA51649231C}.Ad-Hoc|iPhone.ActiveCfg = Release|x86
		{6B44B94E-0920-454A-8DA4-1AA51649231C}.Ad-Hoc|iPhone.Build.0 = Release|x86
		{6B44B94E-0920-454A-8DA4-1AA51649231C}.Ad-Hoc|iPhone.Deploy.0 = Release|x86
		{6B44B94E-0920-454A-8DA4-1AA51649231C}.Ad-Hoc|iPhoneSimulator.ActiveCfg = Release|x86
		{6B44B94E-0920-454A-8DA4-1AA51649231C}.Ad-Hoc|iPhoneSimulator.Build.0 = Release|x86
		{6B44B94E-0920-454A-8DA4-1AA51649231C}.Ad-Hoc|iPhoneSimulator.Deploy.0 = Release|x86
		{6B44B94E-0920-454A-8DA4-1AA51649231C}.Ad-Hoc|x64.ActiveCfg = Release|x64
		{6B44B94E-0920-454A-8DA4-1AA51649231C}.Ad-Hoc|x64.Build.0 = Release|x64
		{6B44B94E-0920-454A-8DA4-1AA51649231C}.Ad-Hoc|x64.Deploy.0 = Release|x64
		{6B44B94E-0920-454A-8DA4-1AA51649231C}.Ad-Hoc|x86.ActiveCfg = Release|x86
		{6B44B94E-0920-454A-8DA4-1AA51649231C}.Ad-Hoc|x86.Build.0 = Release|x86
		{6B44B94E-0920-454A-8DA4-1AA51649231C}.Ad-Hoc|x86.Deploy.0 = Release|x86
		{6B44B94E-0920-454A-8DA4-1AA51649231C}.AppStore|Any CPU.ActiveCfg = Release|x86
		{6B44B94E-0920-454A-8DA4-1AA51649231C}.AppStore|Any CPU.Build.0 = Release|x86
		{6B44B94E-0920-454A-8DA4-1AA51649231C}.AppStore|Any CPU.Deploy.0 = Release|x86
		{6B44B94E-0920-454A-8DA4-1AA51649231C}.AppStore|ARM.ActiveCfg = Release|ARM
		{6B44B94E-0920-454A-8DA4-1AA51649231C}.AppStore|ARM.Build.0 = Release|ARM
		{6B44B94E-0920-454A-8DA4-1AA51649231C}.AppStore|ARM.Deploy.0 = Release|ARM
		{6B44B94E-0920-454A-8DA4-1AA51649231C}.AppStore|iPhone.ActiveCfg = Release|x86
		{6B44B94E-0920-454A-8DA4-1AA51649231C}.AppStore|iPhone.Build.0 = Release|x86
		{6B44B94E-0920-454A-8DA4-1AA51649231C}.AppStore|iPhone.Deploy.0 = Release|x86
		{6B44B94E-0920-454A-8DA4-1AA51649231C}.AppStore|iPhoneSimulator.ActiveCfg = Release|x86
		{6B44B94E-0920-454A-8DA4-1AA51649231C}.AppStore|iPhoneSimulator.Build.0 = Release|x86
		{6B44B94E-0920-454A-8DA4-1AA51649231C}.AppStore|iPhoneSimulator.Deploy.0 = Release|x86
		{6B44B94E-0920-454A-8DA4-1AA51649231C}.AppStore|x64.ActiveCfg = Release|x64
		{6B44B94E-0920-454A-8DA4-1AA51649231C}.AppStore|x64.Build.0 = Release|x64
		{6B44B94E-0920-454A-8DA4-1AA51649231C}.AppStore|x64.Deploy.0 = Release|x64
		{6B44B94E-0920-454A-8DA4-1AA51649231C}.AppStore|x86.ActiveCfg = Release|x86
		{6B44B94E-0920-454A-8DA4-1AA51649231C}.AppStore|x86.Build.0 = Release|x86
		{6B44B94E-0920-454A-8DA4-1AA51649231C}.AppStore|x86.Deploy.0 = Release|x86
		{6B44B94E-0920-454A-8DA4-1AA51649231C}.Debug|Any CPU.ActiveCfg = Debug|x86
		{6B44B94E-0920-454A-8DA4-1AA51649231C}.Debug|ARM.ActiveCfg = Debug|ARM
		{6B44B94E-0920-454A-8DA4-1AA51649231C}.Debug|ARM.Build.0 = Debug|ARM
		{6B44B94E-0920-454A-8DA4-1AA51649231C}.Debug|ARM.Deploy.0 = Debug|ARM
		{6B44B94E-0920-454A-8DA4-1AA51649231C}.Debug|iPhone.ActiveCfg = Debug|x86
		{6B44B94E-0920-454A-8DA4-1AA51649231C}.Debug|iPhoneSimulator.ActiveCfg = Debug|x86
		{6B44B94E-0920-454A-8DA4-1AA51649231C}.Debug|x64.ActiveCfg = Debug|x64
		{6B44B94E-0920-454A-8DA4-1AA51649231C}.Debug|x64.Build.0 = Debug|x64
		{6B44B94E-0920-454A-8DA4-1AA51649231C}.Debug|x64.Deploy.0 = Debug|x64
		{6B44B94E-0920-454A-8DA4-1AA51649231C}.Debug|x86.ActiveCfg = Debug|x86
		{6B44B94E-0920-454A-8DA4-1AA51649231C}.Debug|x86.Build.0 = Debug|x86
		{6B44B94E-0920-454A-8DA4-1AA51649231C}.Debug|x86.Deploy.0 = Debug|x86
		{6B44B94E-0920-454A-8DA4-1AA51649231C}.Release|Any CPU.ActiveCfg = Release|x86
		{6B44B94E-0920-454A-8DA4-1AA51649231C}.Release|ARM.ActiveCfg = Release|ARM
		{6B44B94E-0920-454A-8DA4-1AA51649231C}.Release|ARM.Build.0 = Release|ARM
		{6B44B94E-0920-454A-8DA4-1AA51649231C}.Release|ARM.Deploy.0 = Release|ARM
		{6B44B94E-0920-454A-8DA4-1AA51649231C}.Release|iPhone.ActiveCfg = Release|x86
		{6B44B94E-0920-454A-8DA4-1AA51649231C}.Release|iPhoneSimulator.ActiveCfg = Release|x86
		{6B44B94E-0920-454A-8DA4-1AA51649231C}.Release|x64.ActiveCfg = Release|x64
		{6B44B94E-0920-454A-8DA4-1AA51649231C}.Release|x64.Build.0 = Release|x64
		{6B44B94E-0920-454A-8DA4-1AA51649231C}.Release|x64.Deploy.0 = Release|x64
		{6B44B94E-0920-454A-8DA4-1AA51649231C}.Release|x86.ActiveCfg = Release|x86
		{6B44B94E-0920-454A-8DA4-1AA51649231C}.Release|x86.Build.0 = Release|x86
		{6B44B94E-0920-454A-8DA4-1AA51649231C}.Release|x86.Deploy.0 = Release|x86
		{891641E7-6DB6-498F-BA7F-6EED55201DF6}.Ad-Hoc|Any CPU.ActiveCfg = Ad-Hoc|iPhoneSimulator
		{891641E7-6DB6-498F-BA7F-6EED55201DF6}.Ad-Hoc|ARM.ActiveCfg = Ad-Hoc|iPhone
		{891641E7-6DB6-498F-BA7F-6EED55201DF6}.Ad-Hoc|iPhone.ActiveCfg = Ad-Hoc|iPhone
		{891641E7-6DB6-498F-BA7F-6EED55201DF6}.Ad-Hoc|iPhone.Build.0 = Ad-Hoc|iPhone
		{891641E7-6DB6-498F-BA7F-6EED55201DF6}.Ad-Hoc|iPhoneSimulator.ActiveCfg = Ad-Hoc|iPhoneSimulator
		{891641E7-6DB6-498F-BA7F-6EED55201DF6}.Ad-Hoc|iPhoneSimulator.Build.0 = Ad-Hoc|iPhoneSimulator
		{891641E7-6DB6-498F-BA7F-6EED55201DF6}.Ad-Hoc|x64.ActiveCfg = Ad-Hoc|iPhone
		{891641E7-6DB6-498F-BA7F-6EED55201DF6}.Ad-Hoc|x86.ActiveCfg = Ad-Hoc|iPhone
		{891641E7-6DB6-498F-BA7F-6EED55201DF6}.AppStore|Any CPU.ActiveCfg = AppStore|iPhoneSimulator
		{891641E7-6DB6-498F-BA7F-6EED55201DF6}.AppStore|ARM.ActiveCfg = AppStore|iPhone
		{891641E7-6DB6-498F-BA7F-6EED55201DF6}.AppStore|iPhone.ActiveCfg = AppStore|iPhone
		{891641E7-6DB6-498F-BA7F-6EED55201DF6}.AppStore|iPhone.Build.0 = AppStore|iPhone
		{891641E7-6DB6-498F-BA7F-6EED55201DF6}.AppStore|iPhoneSimulator.ActiveCfg = AppStore|iPhoneSimulator
		{891641E7-6DB6-498F-BA7F-6EED55201DF6}.AppStore|iPhoneSimulator.Build.0 = AppStore|iPhoneSimulator
		{891641E7-6DB6-498F-BA7F-6EED55201DF6}.AppStore|x64.ActiveCfg = AppStore|iPhone
		{891641E7-6DB6-498F-BA7F-6EED55201DF6}.AppStore|x86.ActiveCfg = AppStore|iPhone
		{891641E7-6DB6-498F-BA7F-6EED55201DF6}.Debug|Any CPU.ActiveCfg = Debug|iPhoneSimulator
		{891641E7-6DB6-498F-BA7F-6EED55201DF6}.Debug|ARM.ActiveCfg = Debug|iPhone
		{891641E7-6DB6-498F-BA7F-6EED55201DF6}.Debug|iPhone.ActiveCfg = Debug|iPhone
		{891641E7-6DB6-498F-BA7F-6EED55201DF6}.Debug|iPhone.Build.0 = Debug|iPhone
		{891641E7-6DB6-498F-BA7F-6EED55201DF6}.Debug|iPhoneSimulator.ActiveCfg = Debug|iPhoneSimulator
		{891641E7-6DB6-498F-BA7F-6EED55201DF6}.Debug|iPhoneSimulator.Build.0 = Debug|iPhoneSimulator
		{891641E7-6DB6-498F-BA7F-6EED55201DF6}.Debug|x64.ActiveCfg = Debug|iPhone
		{891641E7-6DB6-498F-BA7F-6EED55201DF6}.Debug|x86.ActiveCfg = Debug|iPhone
		{891641E7-6DB6-498F-BA7F-6EED55201DF6}.Release|Any CPU.ActiveCfg = Release|iPhoneSimulator
		{891641E7-6DB6-498F-BA7F-6EED55201DF6}.Release|ARM.ActiveCfg = Release|iPhone
		{891641E7-6DB6-498F-BA7F-6EED55201DF6}.Release|iPhone.ActiveCfg = Release|iPhone
		{891641E7-6DB6-498F-BA7F-6EED55201DF6}.Release|iPhone.Build.0 = Release|iPhone
		{891641E7-6DB6-498F-BA7F-6EED55201DF6}.Release|iPhoneSimulator.ActiveCfg = Release|iPhoneSimulator
		{891641E7-6DB6-498F-BA7F-6EED55201DF6}.Release|iPhoneSimulator.Build.0 = Release|iPhoneSimulator
		{891641E7-6DB6-498F-BA7F-6EED55201DF6}.Release|x64.ActiveCfg = Release|iPhone
		{891641E7-6DB6-498F-BA7F-6EED55201DF6}.Release|x86.ActiveCfg = Release|iPhone
	EndGlobalSection
	GlobalSection(SolutionProperties) = preSolution
		HideSolutionNode = FALSE
	EndGlobalSection
	GlobalSection(ExtensibilityGlobals) = postSolution
		SolutionGuid = {A21110BB-1197-4A23-9BB1-3732A0353A61}
	EndGlobalSection
EndGlobal
